# generated by rye
# use `rye lock` or `rye sync` to update this lockfile
#
# last locked with the following flags:
#   pre: false
#   features: []
#   all-features: false

-e file:.
black==23.7.0
click==8.1.7
mypy==1.5.1
mypy-extensions==1.0.0
numpy==1.25.2
packaging==23.1
pathspec==0.11.2
platformdirs==3.10.0
python-lzf==0.2.4
typing-extensions==4.7.1
