# generated by rye
# use `rye lock` or `rye sync` to update this lockfile
#
# last locked with the following flags:
#   pre: false
#   features: []
#   all-features: false
#   with-sources: false
#   generate-hashes: false
#   universal: false

-e file:.
annotated-types==0.7.0
    # via pydantic
numpy==2.0.1
    # via pypcd4
pydantic==2.8.2
    # via pypcd4
pydantic-core==2.20.1
    # via pydantic
python-neo-lzf==0.3.2
    # via pypcd4
typing-extensions==4.12.2
    # via pydantic
    # via pydantic-core
