# generated by rye
# use `rye lock` or `rye sync` to update this lockfile
#
# last locked with the following flags:
#   pre: false
#   features: []
#   all-features: false

-e file:.
annotated-types==0.5.0
numpy==1.24.4
pydantic==2.3.0
pydantic-core==2.6.3
python-lzf==0.2.4
typing-extensions==4.7.1
