# generated by rye
# use `rye lock` or `rye sync` to update this lockfile
#
# last locked with the following flags:
#   pre: false
#   features: []
#   all-features: false
#   with-sources: false
#   generate-hashes: false
#   universal: false

-e file:.
annotated-types==0.7.0
    # via pydantic
cachetools==5.4.0
    # via tox
cfgv==3.4.0
    # via pre-commit
chardet==5.2.0
    # via tox
colorama==0.4.6
    # via tox
coverage==7.6.1
    # via pytest-cov
distlib==0.3.8
    # via virtualenv
filelock==3.15.4
    # via tox
    # via virtualenv
identify==2.6.0
    # via pre-commit
iniconfig==2.0.0
    # via pytest
mypy==1.11.1
mypy-extensions==1.0.0
    # via mypy
nodeenv==1.9.1
    # via pre-commit
numpy==2.0.1
    # via pypcd4
packaging==24.1
    # via pyproject-api
    # via pytest
    # via setuptools-scm
    # via tox
platformdirs==4.2.2
    # via tox
    # via virtualenv
pluggy==1.5.0
    # via pytest
    # via tox
pre-commit==3.8.0
pydantic==2.8.2
    # via pypcd4
pydantic-core==2.20.1
    # via pydantic
pyproject-api==1.7.1
    # via tox
pytest==8.3.2
    # via pytest-cov
pytest-cov==5.0.0
python-neo-lzf==0.3.2
    # via pypcd4
pyyaml==6.0.2
    # via pre-commit
ruff==0.6.1
setuptools==72.2.0
    # via setuptools-scm
setuptools-scm==8.1.0
tox==4.18.0
typing-extensions==4.12.2
    # via mypy
    # via pydantic
    # via pydantic-core
virtualenv==20.26.3
    # via pre-commit
    # via tox
